
Microsoft Visual Studio Solution File, Format Version 12.00
# Visual Studio Version 17
VisualStudioVersion = 17.13.35931.197
MinimumVisualStudioVersion = 10.0.40219.1
Project("{2150E333-8FDC-42A3-9474-1A3956D46DE8}") = "Services", "Services", "{02EA681E-C7D8-13C7-8484-4AC65E1B71E8}"
EndProject
Project("{2150E333-8FDC-42A3-9474-1A3956D46DE8}") = "Catalog", "Catalog", "{38B6B36D-FE08-4917-8AD5-211CDDEAD616}"
EndProject
Project("{FAE04EC0-301F-11D3-BF4B-00C04F79EFBC}") = "Catalog.API", "Services\Catalog\Catalog.API\Catalog.API.csproj", "{3B53AAAE-6732-4B66-B089-261FA89E8477}"
EndProject
Project("{2150E333-8FDC-42A3-9474-1A3956D46DE8}") = "BuildingBlocks", "BuildingBlocks", "{1771B16C-A207-4029-B940-5B9BCDE2E78A}"
EndProject
Project("{FAE04EC0-301F-11D3-BF4B-00C04F79EFBC}") = "BuildingBlocks", "BuildingBlocks\BuildingBlocks\BuildingBlocks.csproj", "{9A575E2C-E171-416A-AD32-60E11C821B13}"
EndProject
Project("{E53339B2-1760-4266-BCC7-CA923CBCF16C}") = "docker-compose", "docker-compose.dcproj", "{81DDED9D-158B-E303-5F62-77A2896D2A5A}"
EndProject
Project("{2150E333-8FDC-42A3-9474-1A3956D46DE8}") = "Basket", "Basket", "{338D0D21-7845-4A3E-B2B6-B72FBD9E3D99}"
EndProject
Project("{FAE04EC0-301F-11D3-BF4B-00C04F79EFBC}") = "Basket.API", "Services\Basket\Basket.API\Basket.API.csproj", "{AB2AE05E-85D0-46EE-855F-C64CEA845817}"
EndProject
Project("{2150E333-8FDC-42A3-9474-1A3956D46DE8}") = "Discount", "Discount", "{1AAD85AA-B4BA-4D03-9767-E7E5416DD862}"
EndProject
Project("{FAE04EC0-301F-11D3-BF4B-00C04F79EFBC}") = "Discount.Grpc", "Services\Discount\Discount.Grpc\Discount.Grpc.csproj", "{C7A21033-43C4-48F1-8E49-84C9BB8370A4}"
EndProject
Project("{2150E333-8FDC-42A3-9474-1A3956D46DE8}") = "Solution Items", "Solution Items", "{8EC462FD-D22E-90A8-E5CE-7E832BA40C5D}"
	ProjectSection(SolutionItems) = preProject
		.gitignore = .gitignore
	EndProjectSection
EndProject
Project("{2150E333-8FDC-42A3-9474-1A3956D46DE8}") = "Ordering", "Ordering", "{650B2BD5-597E-430C-BB26-552E1B1CD07A}"
EndProject
Project("{FAE04EC0-301F-11D3-BF4B-00C04F79EFBC}") = "Ordering.API", "Services\Ordering\Ordering.API\Ordering.API.csproj", "{6D5396F8-7C86-41EF-87CF-4291FE2792A3}"
EndProject
Project("{FAE04EC0-301F-11D3-BF4B-00C04F79EFBC}") = "Ordering.Domain", "Services\Ordering\Ordering.Domain\Ordering.Domain.csproj", "{9ECA569B-44CD-4BD7-91B9-961DE31A1BDC}"
EndProject
Project("{FAE04EC0-301F-11D3-BF4B-00C04F79EFBC}") = "Ordering.Application", "Services\Ordering\Ordering.Application\Ordering.Application.csproj", "{08BC466F-2CCE-4732-BD4C-4D076B6C396B}"
EndProject
Project("{FAE04EC0-301F-11D3-BF4B-00C04F79EFBC}") = "Ordering.Infrastructure", "Services\Ordering\Ordering.Infrastructure\Ordering.Infrastructure.csproj", "{F6AE25EE-D03E-42E2-AE93-85F3C409BDBF}"
EndProject
Project("{FAE04EC0-301F-11D3-BF4B-00C04F79EFBC}") = "BuildingBlocks.Messaging", "BuildingBlocks\BuildingBlocks.Messaging\BuildingBlocks.Messaging.csproj", "{B92E70FE-6172-47DA-A86D-76589092CED1}"
EndProject
Global
	GlobalSection(SolutionConfigurationPlatforms) = preSolution
		Debug|Any CPU = Debug|Any CPU
		Release|Any CPU = Release|Any CPU
	EndGlobalSection
	GlobalSection(ProjectConfigurationPlatforms) = postSolution
		{3B53AAAE-6732-4B66-B089-261FA89E8477}.Debug|Any CPU.ActiveCfg = Debug|Any CPU
		{3B53AAAE-6732-4B66-B089-261FA89E8477}.Debug|Any CPU.Build.0 = Debug|Any CPU
		{3B53AAAE-6732-4B66-B089-261FA89E8477}.Release|Any CPU.ActiveCfg = Release|Any CPU
		{3B53AAAE-6732-4B66-B089-261FA89E8477}.Release|Any CPU.Build.0 = Release|Any CPU
		{9A575E2C-E171-416A-AD32-60E11C821B13}.Debug|Any CPU.ActiveCfg = Debug|Any CPU
		{9A575E2C-E171-416A-AD32-60E11C821B13}.Debug|Any CPU.Build.0 = Debug|Any CPU
		{9A575E2C-E171-416A-AD32-60E11C821B13}.Release|Any CPU.ActiveCfg = Release|Any CPU
		{9A575E2C-E171-416A-AD32-60E11C821B13}.Release|Any CPU.Build.0 = Release|Any CPU
		{81DDED9D-158B-E303-5F62-77A2896D2A5A}.Debug|Any CPU.ActiveCfg = Debug|Any CPU
		{81DDED9D-158B-E303-5F62-77A2896D2A5A}.Debug|Any CPU.Build.0 = Debug|Any CPU
		{81DDED9D-158B-E303-5F62-77A2896D2A5A}.Release|Any CPU.ActiveCfg = Release|Any CPU
		{81DDED9D-158B-E303-5F62-77A2896D2A5A}.Release|Any CPU.Build.0 = Release|Any CPU
		{AB2AE05E-85D0-46EE-855F-C64CEA845817}.Debug|Any CPU.ActiveCfg = Debug|Any CPU
		{AB2AE05E-85D0-46EE-855F-C64CEA845817}.Debug|Any CPU.Build.0 = Debug|Any CPU
		{AB2AE05E-85D0-46EE-855F-C64CEA845817}.Release|Any CPU.ActiveCfg = Release|Any CPU
		{AB2AE05E-85D0-46EE-855F-C64CEA845817}.Release|Any CPU.Build.0 = Release|Any CPU
		{C7A21033-43C4-48F1-8E49-84C9BB8370A4}.Debug|Any CPU.ActiveCfg = Debug|Any CPU
		{C7A21033-43C4-48F1-8E49-84C9BB8370A4}.Debug|Any CPU.Build.0 = Debug|Any CPU
		{C7A21033-43C4-48F1-8E49-84C9BB8370A4}.Release|Any CPU.ActiveCfg = Release|Any CPU
		{C7A21033-43C4-48F1-8E49-84C9BB8370A4}.Release|Any CPU.Build.0 = Release|Any CPU
		{6D5396F8-7C86-41EF-87CF-4291FE2792A3}.Debug|Any CPU.ActiveCfg = Debug|Any CPU
		{6D5396F8-7C86-41EF-87CF-4291FE2792A3}.Debug|Any CPU.Build.0 = Debug|Any CPU
		{6D5396F8-7C86-41EF-87CF-4291FE2792A3}.Release|Any CPU.ActiveCfg = Release|Any CPU
		{6D5396F8-7C86-41EF-87CF-4291FE2792A3}.Release|Any CPU.Build.0 = Release|Any CPU
		{9ECA569B-44CD-4BD7-91B9-961DE31A1BDC}.Debug|Any CPU.ActiveCfg = Debug|Any CPU
		{9ECA569B-44CD-4BD7-91B9-961DE31A1BDC}.Debug|Any CPU.Build.0 = Debug|Any CPU
		{9ECA569B-44CD-4BD7-91B9-961DE31A1BDC}.Release|Any CPU.ActiveCfg = Release|Any CPU
		{9ECA569B-44CD-4BD7-91B9-961DE31A1BDC}.Release|Any CPU.Build.0 = Release|Any CPU
		{08BC466F-2CCE-4732-BD4C-4D076B6C396B}.Debug|Any CPU.ActiveCfg = Debug|Any CPU
		{08BC466F-2CCE-4732-BD4C-4D076B6C396B}.Debug|Any CPU.Build.0 = Debug|Any CPU
		{08BC466F-2CCE-4732-BD4C-4D076B6C396B}.Release|Any CPU.ActiveCfg = Release|Any CPU
		{08BC466F-2CCE-4732-BD4C-4D076B6C396B}.Release|Any CPU.Build.0 = Release|Any CPU
		{F6AE25EE-D03E-42E2-AE93-85F3C409BDBF}.Debug|Any CPU.ActiveCfg = Debug|Any CPU
		{F6AE25EE-D03E-42E2-AE93-85F3C409BDBF}.Debug|Any CPU.Build.0 = Debug|Any CPU
		{F6AE25EE-D03E-42E2-AE93-85F3C409BDBF}.Release|Any CPU.ActiveCfg = Release|Any CPU
		{F6AE25EE-D03E-42E2-AE93-85F3C409BDBF}.Release|Any CPU.Build.0 = Release|Any CPU
		{B92E70FE-6172-47DA-A86D-76589092CED1}.Debug|Any CPU.ActiveCfg = Debug|Any CPU
		{B92E70FE-6172-47DA-A86D-76589092CED1}.Debug|Any CPU.Build.0 = Debug|Any CPU
		{B92E70FE-6172-47DA-A86D-76589092CED1}.Release|Any CPU.ActiveCfg = Release|Any CPU
		{B92E70FE-6172-47DA-A86D-76589092CED1}.Release|Any CPU.Build.0 = Release|Any CPU
	EndGlobalSection
	GlobalSection(SolutionProperties) = preSolution
		HideSolutionNode = FALSE
	EndGlobalSection
	GlobalSection(NestedProjects) = preSolution
		{38B6B36D-FE08-4917-8AD5-211CDDEAD616} = {02EA681E-C7D8-13C7-8484-4AC65E1B71E8}
		{3B53AAAE-6732-4B66-B089-261FA89E8477} = {38B6B36D-FE08-4917-8AD5-211CDDEAD616}
		{9A575E2C-E171-416A-AD32-60E11C821B13} = {1771B16C-A207-4029-B940-5B9BCDE2E78A}
		{338D0D21-7845-4A3E-B2B6-B72FBD9E3D99} = {02EA681E-C7D8-13C7-8484-4AC65E1B71E8}
		{AB2AE05E-85D0-46EE-855F-C64CEA845817} = {338D0D21-7845-4A3E-B2B6-B72FBD9E3D99}
		{1AAD85AA-B4BA-4D03-9767-E7E5416DD862} = {02EA681E-C7D8-13C7-8484-4AC65E1B71E8}
		{C7A21033-43C4-48F1-8E49-84C9BB8370A4} = {1AAD85AA-B4BA-4D03-9767-E7E5416DD862}
		{650B2BD5-597E-430C-BB26-552E1B1CD07A} = {02EA681E-C7D8-13C7-8484-4AC65E1B71E8}
		{6D5396F8-7C86-41EF-87CF-4291FE2792A3} = {650B2BD5-597E-430C-BB26-552E1B1CD07A}
		{9ECA569B-44CD-4BD7-91B9-961DE31A1BDC} = {650B2BD5-597E-430C-BB26-552E1B1CD07A}
		{08BC466F-2CCE-4732-BD4C-4D076B6C396B} = {650B2BD5-597E-430C-BB26-552E1B1CD07A}
		{F6AE25EE-D03E-42E2-AE93-85F3C409BDBF} = {650B2BD5-597E-430C-BB26-552E1B1CD07A}
		{B92E70FE-6172-47DA-A86D-76589092CED1} = {1771B16C-A207-4029-B940-5B9BCDE2E78A}
	EndGlobalSection
	GlobalSection(ExtensibilityGlobals) = postSolution
		SolutionGuid = {87005A40-D1C7-46EC-9059-D306005EF756}
	EndGlobalSection
EndGlobal
